
Microsoft Visual Studio Solution File, Format Version 12.00
# Visual Studio 14
VisualStudioVersion = 14.0.23107.0
MinimumVisualStudioVersion = 10.0.40219.1
Project("{FAE04EC0-301F-11D3-BF4B-00C04F79EFBC}") = "TestApp1", "TestApplication\TestApp1.csproj", "{51C54B3F-C598-4639-8983-64C9ACC51843}"
EndProject
Project("{FAE04EC0-301F-11D3-BF4B-00C04F79EFBC}") = "TestWebAPI", "TestWebAPI\TestWebAPI.csproj", "{A44FD9B1-28EF-437E-9335-CCB832F3203F}"
EndProject
Global
	GlobalSection(SolutionConfigurationPlatforms) = preSolution
		Debug|Any CPU = Debug|Any CPU
		Release|Any CPU = Release|Any CPU
	EndGlobalSection
	GlobalSection(ProjectConfigurationPlatforms) = postSolution
		{51C54B3F-C598-4639-8983-64C9ACC51843}.Debug|Any CPU.ActiveCfg = Debug|Any CPU
		{51C54B3F-C598-4639-8983-64C9ACC51843}.Debug|Any CPU.Build.0 = Debug|Any CPU
		{51C54B3F-C598-4639-8983-64C9ACC51843}.Release|Any CPU.ActiveCfg = Release|Any CPU
		{51C54B3F-C598-4639-8983-64C9ACC51843}.Release|Any CPU.Build.0 = Release|Any CPU
		{A44FD9B1-28EF-437E-9335-CCB832F3203F}.Debug|Any CPU.ActiveCfg = Debug|Any CPU
		{A44FD9B1-28EF-437E-9335-CCB832F3203F}.Debug|Any CPU.Build.0 = Debug|Any CPU
		{A44FD9B1-28EF-437E-9335-CCB832F3203F}.Release|Any CPU.ActiveCfg = Release|Any CPU
		{A44FD9B1-28EF-437E-9335-CCB832F3203F}.Release|Any CPU.Build.0 = Release|Any CPU
	EndGlobalSection
	GlobalSection(SolutionProperties) = preSolution
		HideSolutionNode = FALSE
	EndGlobalSection
EndGlobal
